
Microsoft Visual Studio Solution File, Format Version 12.00
# Visual Studio Version 17
VisualStudioVersion = 17.4.33205.214
MinimumVisualStudioVersion = 10.0.40219.1
Project("{FAE04EC0-301F-11D3-BF4B-00C04F79EFBC}") = "WPF_Final", "WPF_Final\WPF_Final.csproj", "{95BA1BA8-C762-4E10-91D8-FFBB1DEC0571}"
EndProject
Global
	GlobalSection(SolutionConfigurationPlatforms) = preSolution
		Debug|Any CPU = Debug|Any CPU
		Release|Any CPU = Release|Any CPU
	EndGlobalSection
	GlobalSection(ProjectConfigurationPlatforms) = postSolution
		{95BA1BA8-C762-4E10-91D8-FFBB1DEC0571}.Debug|Any CPU.ActiveCfg = Debug|Any CPU
		{95BA1BA8-C762-4E10-91D8-FFBB1DEC0571}.Debug|Any CPU.Build.0 = Debug|Any CPU
		{95BA1BA8-C762-4E10-91D8-FFBB1DEC0571}.Release|Any CPU.ActiveCfg = Release|Any CPU
		{95BA1BA8-C762-4E10-91D8-FFBB1DEC0571}.Release|Any CPU.Build.0 = Release|Any CPU
	EndGlobalSection
	GlobalSection(SolutionProperties) = preSolution
		HideSolutionNode = FALSE
	EndGlobalSection
	GlobalSection(ExtensibilityGlobals) = postSolution
		SolutionGuid = {D1865C19-B0A6-4D8E-AF3B-2FF3C6C86D96}
	EndGlobalSection
EndGlobal
